
Microsoft Visual Studio Solution File, Format Version 12.00
# Visual Studio Version 16
VisualStudioVersion = 16.0.32228.343
MinimumVisualStudioVersion = 10.0.40219.1
Project("{FAE04EC0-301F-11D3-BF4B-00C04F79EFBC}") = "KhaiBaoYTe", "KhaiBaoYTe.csproj", "{3D3E49D1-E5C1-47AF-BE7B-44F9F85EED17}"
EndProject
Global
	GlobalSection(SolutionConfigurationPlatforms) = preSolution
		Debug|Any CPU = Debug|Any CPU
		Release|Any CPU = Release|Any CPU
	EndGlobalSection
	GlobalSection(ProjectConfigurationPlatforms) = postSolution
		{3D3E49D1-E5C1-47AF-BE7B-44F9F85EED17}.Debug|Any CPU.ActiveCfg = Debug|Any CPU
		{3D3E49D1-E5C1-47AF-BE7B-44F9F85EED17}.Debug|Any CPU.Build.0 = Debug|Any CPU
		{3D3E49D1-E5C1-47AF-BE7B-44F9F85EED17}.Release|Any CPU.ActiveCfg = Release|Any CPU
		{3D3E49D1-E5C1-47AF-BE7B-44F9F85EED17}.Release|Any CPU.Build.0 = Release|Any CPU
	EndGlobalSection
	GlobalSection(SolutionProperties) = preSolution
		HideSolutionNode = FALSE
	EndGlobalSection
	GlobalSection(ExtensibilityGlobals) = postSolution
		SolutionGuid = {B7155DA5-26E4-4628-A555-C3A8A5EA6415}
	EndGlobalSection
EndGlobal
